// !$*UTF8*$!
{
	archiveVersion = 1;
	classes = {
	};
	objectVersion = 77;
	objects = {

/* Begin PBXBuildFile section */
		54A6F8A72CA2BADA002ADF2C /* AquaJogger Watch App.app in Embed Watch Content */ = {isa = PBXBuildFile; fileRef = 54A6F8A62CA2BADA002ADF2C /* AquaJogger Watch App.app */; settings = {ATTRIBUTES = (RemoveHeadersOnCopy, ); }; };
/* End PBXBuildFile section */

/* Begin PBXContainerItemProxy section */
		54A6F8A82CA2BADA002ADF2C /* PBXContainerItemProxy */ = {
			isa = PBXContainerItemProxy;
			containerPortal = 54A6F89A2CA2BAD9002ADF2C /* Project object */;
			proxyType = 1;
			remoteGlobalIDString = 54A6F8A52CA2BADA002ADF2C;
			remoteInfo = "AquaJogger Watch App";
		};
		54A6F8B92CA2BADB002ADF2C /* PBXContainerItemProxy */ = {
			isa = PBXContainerItemProxy;
			containerPortal = 54A6F89A2CA2BAD9002ADF2C /* Project object */;
			proxyType = 1;
			remoteGlobalIDString = 54A6F8A52CA2BADA002ADF2C;
			remoteInfo = "AquaJogger Watch App";
		};
		54A6F8C32CA2BADB002ADF2C /* PBXContainerItemProxy */ = {
			isa = PBXContainerItemProxy;
			containerPortal = 54A6F89A2CA2BAD9002ADF2C /* Project object */;
			proxyType = 1;
			remoteGlobalIDString = 54A6F8A52CA2BADA002ADF2C;
			remoteInfo = "AquaJogger Watch App";
		};
/* End PBXContainerItemProxy section */

/* Begin PBXCopyFilesBuildPhase section */
		54A6F8CF2CA2BADB002ADF2C /* Embed Watch Content */ = {
			isa = PBXCopyFilesBuildPhase;
			buildActionMask = 2147483647;
			dstPath = "$(CONTENTS_FOLDER_PATH)/Watch";
			dstSubfolderSpec = 16;
			files = (
				54A6F8A72CA2BADA002ADF2C /* AquaJogger Watch App.app in Embed Watch Content */,
			);
			name = "Embed Watch Content";
			runOnlyForDeploymentPostprocessing = 0;
		};
/* End PBXCopyFilesBuildPhase section */

/* Begin PBXFileReference section */
		54A6F8A02CA2BADA002ADF2C /* AquaJogger.app */ = {isa = PBXFileReference; explicitFileType = wrapper.application; includeInIndex = 0; path = AquaJogger.app; sourceTree = BUILT_PRODUCTS_DIR; };
		54A6F8A62CA2BADA002ADF2C /* AquaJogger Watch App.app */ = {isa = PBXFileReference; explicitFileType = wrapper.application; includeInIndex = 0; path = "AquaJogger Watch App.app"; sourceTree = BUILT_PRODUCTS_DIR; };
		54A6F8B82CA2BADB002ADF2C /* AquaJogger Watch AppTests.xctest */ = {isa = PBXFileReference; explicitFileType = wrapper.cfbundle; includeInIndex = 0; path = "AquaJogger Watch AppTests.xctest"; sourceTree = BUILT_PRODUCTS_DIR; };
		54A6F8C22CA2BADB002ADF2C /* AquaJogger Watch AppUITests.xctest */ = {isa = PBXFileReference; explicitFileType = wrapper.cfbundle; includeInIndex = 0; path = "AquaJogger Watch AppUITests.xctest"; sourceTree = BUILT_PRODUCTS_DIR; };
/* End PBXFileReference section */

/* Begin PBXFileSystemSynchronizedRootGroup section */
		54A6F8AA2CA2BADA002ADF2C /* AquaJogger Watch App */ = {
			isa = PBXFileSystemSynchronizedRootGroup;
			path = "AquaJogger Watch App";
			sourceTree = "<group>";
		};
		54A6F8BB2CA2BADB002ADF2C /* AquaJogger Watch AppTests */ = {
			isa = PBXFileSystemSynchronizedRootGroup;
			path = "AquaJogger Watch AppTests";
			sourceTree = "<group>";
		};
		54A6F8C52CA2BADB002ADF2C /* AquaJogger Watch AppUITests */ = {
			isa = PBXFileSystemSynchronizedRootGroup;
			path = "AquaJogger Watch AppUITests";
			sourceTree = "<group>";
		};
/* End PBXFileSystemSynchronizedRootGroup section */

/* Begin PBXFrameworksBuildPhase section */
		54A6F8A32CA2BADA002ADF2C /* Frameworks */ = {
			isa = PBXFrameworksBuildPhase;
			buildActionMask = 2147483647;
			files = (
			);
			runOnlyForDeploymentPostprocessing = 0;
		};
		54A6F8B52CA2BADB002ADF2C /* Frameworks */ = {
			isa = PBXFrameworksBuildPhase;
			buildActionMask = 2147483647;
			files = (
			);
			runOnlyForDeploymentPostprocessing = 0;
		};
		54A6F8BF2CA2BADB002ADF2C /* Frameworks */ = {
			isa = PBXFrameworksBuildPhase;
			buildActionMask = 2147483647;
			files = (
			);
			runOnlyForDeploymentPostprocessing = 0;
		};
/* End PBXFrameworksBuildPhase section */

/* Begin PBXGroup section */
		54A6F8992CA2BAD9002ADF2C = {
			isa = PBXGroup;
			children = (
				54A6F8AA2CA2BADA002ADF2C /* AquaJogger Watch App */,
				54A6F8BB2CA2BADB002ADF2C /* AquaJogger Watch AppTests */,
				54A6F8C52CA2BADB002ADF2C /* AquaJogger Watch AppUITests */,
				54A6F8A12CA2BADA002ADF2C /* Products */,
			);
			sourceTree = "<group>";
		};
		54A6F8A12CA2BADA002ADF2C /* Products */ = {
			isa = PBXGroup;
			children = (
				54A6F8A02CA2BADA002ADF2C /* AquaJogger.app */,
				54A6F8A62CA2BADA002ADF2C /* AquaJogger Watch App.app */,
				54A6F8B82CA2BADB002ADF2C /* AquaJogger Watch AppTests.xctest */,
				54A6F8C22CA2BADB002ADF2C /* AquaJogger Watch AppUITests.xctest */,
			);
			name = Products;
			sourceTree = "<group>";
		};
/* End PBXGroup section */

/* Begin PBXNativeTarget section */
		54A6F89F2CA2BADA002ADF2C /* AquaJogger */ = {
			isa = PBXNativeTarget;
			buildConfigurationList = 54A6F8D02CA2BADB002ADF2C /* Build configuration list for PBXNativeTarget "AquaJogger" */;
			buildPhases = (
				54A6F89E2CA2BADA002ADF2C /* Resources */,
				54A6F8CF2CA2BADB002ADF2C /* Embed Watch Content */,
			);
			buildRules = (
			);
			dependencies = (
				54A6F8A92CA2BADA002ADF2C /* PBXTargetDependency */,
			);
			name = AquaJogger;
			packageProductDependencies = (
			);
			productName = AquaJogger;
			productReference = 54A6F8A02CA2BADA002ADF2C /* AquaJogger.app */;
			productType = "com.apple.product-type.application.watchapp2-container";
		};
		54A6F8A52CA2BADA002ADF2C /* AquaJogger Watch App */ = {
			isa = PBXNativeTarget;
			buildConfigurationList = 54A6F8CC2CA2BADB002ADF2C /* Build configuration list for PBXNativeTarget "AquaJogger Watch App" */;
			buildPhases = (
				54A6F8A22CA2BADA002ADF2C /* Sources */,
				54A6F8A32CA2BADA002ADF2C /* Frameworks */,
				54A6F8A42CA2BADA002ADF2C /* Resources */,
			);
			buildRules = (
			);
			dependencies = (
			);
			fileSystemSynchronizedGroups = (
				54A6F8AA2CA2BADA002ADF2C /* AquaJogger Watch App */,
			);
			name = "AquaJogger Watch App";
			packageProductDependencies = (
			);
			productName = "AquaJogger Watch App";
			productReference = 54A6F8A62CA2BADA002ADF2C /* AquaJogger Watch App.app */;
			productType = "com.apple.product-type.application";
		};
		54A6F8B72CA2BADB002ADF2C /* AquaJogger Watch AppTests */ = {
			isa = PBXNativeTarget;
			buildConfigurationList = 54A6F8D32CA2BADB002ADF2C /* Build configuration list for PBXNativeTarget "AquaJogger Watch AppTests" */;
			buildPhases = (
				54A6F8B42CA2BADB002ADF2C /* Sources */,
				54A6F8B52CA2BADB002ADF2C /* Frameworks */,
				54A6F8B62CA2BADB002ADF2C /* Resources */,
			);
			buildRules = (
			);
			dependencies = (
				54A6F8BA2CA2BADB002ADF2C /* PBXTargetDependency */,
			);
			fileSystemSynchronizedGroups = (
				54A6F8BB2CA2BADB002ADF2C /* AquaJogger Watch AppTests */,
			);
			name = "AquaJogger Watch AppTests";
			packageProductDependencies = (
			);
			productName = "AquaJogger Watch AppTests";
			productReference = 54A6F8B82CA2BADB002ADF2C /* AquaJogger Watch AppTests.xctest */;
			productType = "com.apple.product-type.bundle.unit-test";
		};
		54A6F8C12CA2BADB002ADF2C /* AquaJogger Watch AppUITests */ = {
			isa = PBXNativeTarget;
			buildConfigurationList = 54A6F8D62CA2BADB002ADF2C /* Build configuration list for PBXNativeTarget "AquaJogger Watch AppUITests" */;
			buildPhases = (
				54A6F8BE2CA2BADB002ADF2C /* Sources */,
				54A6F8BF2CA2BADB002ADF2C /* Frameworks */,
				54A6F8C02CA2BADB002ADF2C /* Resources */,
			);
			buildRules = (
			);
			dependencies = (
				54A6F8C42CA2BADB002ADF2C /* PBXTargetDependency */,
			);
			fileSystemSynchronizedGroups = (
				54A6F8C52CA2BADB002ADF2C /* AquaJogger Watch AppUITests */,
			);
			name = "AquaJogger Watch AppUITests";
			packageProductDependencies = (
			);
			productName = "AquaJogger Watch AppUITests";
			productReference = 54A6F8C22CA2BADB002ADF2C /* AquaJogger Watch AppUITests.xctest */;
			productType = "com.apple.product-type.bundle.ui-testing";
		};
/* End PBXNativeTarget section */

/* Begin PBXProject section */
		54A6F89A2CA2BAD9002ADF2C /* Project object */ = {
			isa = PBXProject;
			attributes = {
				BuildIndependentTargetsInParallel = 1;
				LastSwiftUpdateCheck = 1600;
				LastUpgradeCheck = 1600;
				TargetAttributes = {
					54A6F89F2CA2BADA002ADF2C = {
						CreatedOnToolsVersion = 16.0;
					};
					54A6F8A52CA2BADA002ADF2C = {
						CreatedOnToolsVersion = 16.0;
					};
					54A6F8B72CA2BADB002ADF2C = {
						CreatedOnToolsVersion = 16.0;
						TestTargetID = 54A6F8A52CA2BADA002ADF2C;
					};
					54A6F8C12CA2BADB002ADF2C = {
						CreatedOnToolsVersion = 16.0;
						TestTargetID = 54A6F8A52CA2BADA002ADF2C;
					};
				};
			};
			buildConfigurationList = 54A6F89D2CA2BAD9002ADF2C /* Build configuration list for PBXProject "AquaJogger" */;
			developmentRegion = en;
			hasScannedForEncodings = 0;
			knownRegions = (
				en,
				Base,
			);
			mainGroup = 54A6F8992CA2BAD9002ADF2C;
			minimizedProjectReferenceProxies = 1;
			preferredProjectObjectVersion = 77;
			productRefGroup = 54A6F8A12CA2BADA002ADF2C /* Products */;
			projectDirPath = "";
			projectRoot = "";
			targets = (
				54A6F89F2CA2BADA002ADF2C /* AquaJogger */,
				54A6F8A52CA2BADA002ADF2C /* AquaJogger Watch App */,
				54A6F8B72CA2BADB002ADF2C /* AquaJogger Watch AppTests */,
				54A6F8C12CA2BADB002ADF2C /* AquaJogger Watch AppUITests */,
			);
		};
/* End PBXProject section */

/* Begin PBXResourcesBuildPhase section */
		54A6F89E2CA2BADA002ADF2C /* Resources */ = {
			isa = PBXResourcesBuildPhase;
			buildActionMask = 2147483647;
			files = (
			);
			runOnlyForDeploymentPostprocessing = 0;
		};
		54A6F8A42CA2BADA002ADF2C /* Resources */ = {
			isa = PBXResourcesBuildPhase;
			buildActionMask = 2147483647;
			files = (
			);
			runOnlyForDeploymentPostprocessing = 0;
		};
		54A6F8B62CA2BADB002ADF2C /* Resources */ = {
			isa = PBXResourcesBuildPhase;
			buildActionMask = 2147483647;
			files = (
			);
			runOnlyForDeploymentPostprocessing = 0;
		};
		54A6F8C02CA2BADB002ADF2C /* Resources */ = {
			isa = PBXResourcesBuildPhase;
			buildActionMask = 2147483647;
			files = (
			);
			runOnlyForDeploymentPostprocessing = 0;
		};
/* End PBXResourcesBuildPhase section */

/* Begin PBXSourcesBuildPhase section */
		54A6F8A22CA2BADA002ADF2C /* Sources */ = {
			isa = PBXSourcesBuildPhase;
			buildActionMask = 2147483647;
			files = (
			);
			runOnlyForDeploymentPostprocessing = 0;
		};
		54A6F8B42CA2BADB002ADF2C /* Sources */ = {
			isa = PBXSourcesBuildPhase;
			buildActionMask = 2147483647;
			files = (
			);
			runOnlyForDeploymentPostprocessing = 0;
		};
		54A6F8BE2CA2BADB002ADF2C /* Sources */ = {
			isa = PBXSourcesBuildPhase;
			buildActionMask = 2147483647;
			files = (
			);
			runOnlyForDeploymentPostprocessing = 0;
		};
/* End PBXSourcesBuildPhase section */

/* Begin PBXTargetDependency section */
		54A6F8A92CA2BADA002ADF2C /* PBXTargetDependency */ = {
			isa = PBXTargetDependency;
			target = 54A6F8A52CA2BADA002ADF2C /* AquaJogger Watch App */;
			targetProxy = 54A6F8A82CA2BADA002ADF2C /* PBXContainerItemProxy */;
		};
		54A6F8BA2CA2BADB002ADF2C /* PBXTargetDependency */ = {
			isa = PBXTargetDependency;
			target = 54A6F8A52CA2BADA002ADF2C /* AquaJogger Watch App */;
			targetProxy = 54A6F8B92CA2BADB002ADF2C /* PBXContainerItemProxy */;
		};
		54A6F8C42CA2BADB002ADF2C /* PBXTargetDependency */ = {
			isa = PBXTargetDependency;
			target = 54A6F8A52CA2BADA002ADF2C /* AquaJogger Watch App */;
			targetProxy = 54A6F8C32CA2BADB002ADF2C /* PBXContainerItemProxy */;
		};
/* End PBXTargetDependency section */

/* Begin XCBuildConfiguration section */
		54A6F8CA2CA2BADB002ADF2C /* Debug */ = {
			isa = XCBuildConfiguration;
			buildSettings = {
				ALWAYS_SEARCH_USER_PATHS = NO;
				ASSETCATALOG_COMPILER_GENERATE_SWIFT_ASSET_SYMBOL_EXTENSIONS = YES;
				CLANG_ANALYZER_NONNULL = YES;
				CLANG_ANALYZER_NUMBER_OBJECT_CONVERSION = YES_AGGRESSIVE;
				CLANG_CXX_LANGUAGE_STANDARD = "gnu++20";
				CLANG_ENABLE_MODULES = YES;
				CLANG_ENABLE_OBJC_ARC = YES;
				CLANG_ENABLE_OBJC_WEAK = YES;
				CLANG_WARN_BLOCK_CAPTURE_AUTORELEASING = YES;
				CLANG_WARN_BOOL_CONVERSION = YES;
				CLANG_WARN_COMMA = YES;
				CLANG_WARN_CONSTANT_CONVERSION = YES;
				CLANG_WARN_DEPRECATED_OBJC_IMPLEMENTATIONS = YES;
				CLANG_WARN_DIRECT_OBJC_ISA_USAGE = YES_ERROR;
				CLANG_WARN_DOCUMENTATION_COMMENTS = YES;
				CLANG_WARN_EMPTY_BODY = YES;
				CLANG_WARN_ENUM_CONVERSION = YES;
				CLANG_WARN_INFINITE_RECURSION = YES;
				CLANG_WARN_INT_CONVERSION = YES;
				CLANG_WARN_NON_LITERAL_NULL_CONVERSION = YES;
				CLANG_WARN_OBJC_IMPLICIT_RETAIN_SELF = YES;
				CLANG_WARN_OBJC_LITERAL_CONVERSION = YES;
				CLANG_WARN_OBJC_ROOT_CLASS = YES_ERROR;
				CLANG_WARN_QUOTED_INCLUDE_IN_FRAMEWORK_HEADER = YES;
				CLANG_WARN_RANGE_LOOP_ANALYSIS = YES;
				CLANG_WARN_STRICT_PROTOTYPES = YES;
				CLANG_WARN_SUSPICIOUS_MOVE = YES;
				CLANG_WARN_UNGUARDED_AVAILABILITY = YES_AGGRESSIVE;
				CLANG_WARN_UNREACHABLE_CODE = YES;
				CLANG_WARN__DUPLICATE_METHOD_MATCH = YES;
				COPY_PHASE_STRIP = NO;
				DEBUG_INFORMATION_FORMAT = dwarf;
				ENABLE_STRICT_OBJC_MSGSEND = YES;
				ENABLE_TESTABILITY = YES;
				ENABLE_USER_SCRIPT_SANDBOXING = YES;
				GCC_C_LANGUAGE_STANDARD = gnu17;
				GCC_DYNAMIC_NO_PIC = NO;
				GCC_NO_COMMON_BLOCKS = YES;
				GCC_OPTIMIZATION_LEVEL = 0;
				GCC_PREPROCESSOR_DEFINITIONS = (
					"DEBUG=1",
					"$(inherited)",
				);
				GCC_WARN_64_TO_32_BIT_CONVERSION = YES;
				GCC_WARN_ABOUT_RETURN_TYPE = YES_ERROR;
				GCC_WARN_UNDECLARED_SELECTOR = YES;
				GCC_WARN_UNINITIALIZED_AUTOS = YES_AGGRESSIVE;
				GCC_WARN_UNUSED_FUNCTION = YES;
				GCC_WARN_UNUSED_VARIABLE = YES;
				LOCALIZATION_PREFERS_STRING_CATALOGS = YES;
				MTL_ENABLE_DEBUG_INFO = INCLUDE_SOURCE;
				MTL_FAST_MATH = YES;
				ONLY_ACTIVE_ARCH = YES;
				SWIFT_ACTIVE_COMPILATION_CONDITIONS = "DEBUG $(inherited)";
				SWIFT_OPTIMIZATION_LEVEL = "-Onone";
			};
			name = Debug;
		};
		54A6F8CB2CA2BADB002ADF2C /* Release */ = {
			isa = XCBuildConfiguration;
			buildSettings = {
				ALWAYS_SEARCH_USER_PATHS = NO;
				ASSETCATALOG_COMPILER_GENERATE_SWIFT_ASSET_SYMBOL_EXTENSIONS = YES;
				CLANG_ANALYZER_NONNULL = YES;
				CLANG_ANALYZER_NUMBER_OBJECT_CONVERSION = YES_AGGRESSIVE;
				CLANG_CXX_LANGUAGE_STANDARD = "gnu++20";
				CLANG_ENABLE_MODULES = YES;
				CLANG_ENABLE_OBJC_ARC = YES;
				CLANG_ENABLE_OBJC_WEAK = YES;
				CLANG_WARN_BLOCK_CAPTURE_AUTORELEASING = YES;
				CLANG_WARN_BOOL_CONVERSION = YES;
				CLANG_WARN_COMMA = YES;
				CLANG_WARN_CONSTANT_CONVERSION = YES;
				CLANG_WARN_DEPRECATED_OBJC_IMPLEMENTATIONS = YES;
				CLANG_WARN_DIRECT_OBJC_ISA_USAGE = YES_ERROR;
				CLANG_WARN_DOCUMENTATION_COMMENTS = YES;
				CLANG_WARN_EMPTY_BODY = YES;
				CLANG_WARN_ENUM_CONVERSION = YES;
				CLANG_WARN_INFINITE_RECURSION = YES;
				CLANG_WARN_INT_CONVERSION = YES;
				CLANG_WARN_NON_LITERAL_NULL_CONVERSION = YES;
				CLANG_WARN_OBJC_IMPLICIT_RETAIN_SELF = YES;
				CLANG_WARN_OBJC_LITERAL_CONVERSION = YES;
				CLANG_WARN_OBJC_ROOT_CLASS = YES_ERROR;
				CLANG_WARN_QUOTED_INCLUDE_IN_FRAMEWORK_HEADER = YES;
				CLANG_WARN_RANGE_LOOP_ANALYSIS = YES;
				CLANG_WARN_STRICT_PROTOTYPES = YES;
				CLANG_WARN_SUSPICIOUS_MOVE = YES;
				CLANG_WARN_UNGUARDED_AVAILABILITY = YES_AGGRESSIVE;
				CLANG_WARN_UNREACHABLE_CODE = YES;
				CLANG_WARN__DUPLICATE_METHOD_MATCH = YES;
				COPY_PHASE_STRIP = NO;
				DEBUG_INFORMATION_FORMAT = "dwarf-with-dsym";
				ENABLE_NS_ASSERTIONS = NO;
				ENABLE_STRICT_OBJC_MSGSEND = YES;
				ENABLE_USER_SCRIPT_SANDBOXING = YES;
				GCC_C_LANGUAGE_STANDARD = gnu17;
				GCC_NO_COMMON_BLOCKS = YES;
				GCC_WARN_64_TO_32_BIT_CONVERSION = YES;
				GCC_WARN_ABOUT_RETURN_TYPE = YES_ERROR;
				GCC_WARN_UNDECLARED_SELECTOR = YES;
				GCC_WARN_UNINITIALIZED_AUTOS = YES_AGGRESSIVE;
				GCC_WARN_UNUSED_FUNCTION = YES;
				GCC_WARN_UNUSED_VARIABLE = YES;
				LOCALIZATION_PREFERS_STRING_CATALOGS = YES;
				MTL_ENABLE_DEBUG_INFO = NO;
				MTL_FAST_MATH = YES;
				SWIFT_COMPILATION_MODE = wholemodule;
			};
			name = Release;
		};
		54A6F8CD2CA2BADB002ADF2C /* Debug */ = {
			isa = XCBuildConfiguration;
			buildSettings = {
				ASSETCATALOG_COMPILER_APPICON_NAME = AppIcon;
				ASSETCATALOG_COMPILER_GLOBAL_ACCENT_COLOR_NAME = AccentColor;
				CODE_SIGN_STYLE = Automatic;
				CURRENT_PROJECT_VERSION = 1;
				DEVELOPMENT_ASSET_PATHS = "\"AquaJogger Watch App/Preview Content\"";
				DEVELOPMENT_TEAM = QSN67UHF7L;
				ENABLE_PREVIEWS = YES;
				GENERATE_INFOPLIST_FILE = YES;
				INFOPLIST_KEY_CFBundleDisplayName = AquaJogger;
				INFOPLIST_KEY_UISupportedInterfaceOrientations = "UIInterfaceOrientationPortrait UIInterfaceOrientationPortraitUpsideDown";
				INFOPLIST_KEY_WKWatchOnly = YES;
				LD_RUNPATH_SEARCH_PATHS = (
					"$(inherited)",
					"@executable_path/Frameworks",
				);
				MARKETING_VERSION = 1.0;
				PRODUCT_BUNDLE_IDENTIFIER = com.Segrel.AquaJogger.watchkitapp;
				PRODUCT_NAME = "$(TARGET_NAME)";
				SDKROOT = watchos;
				SKIP_INSTALL = YES;
				SWIFT_EMIT_LOC_STRINGS = YES;
				SWIFT_VERSION = 5.0;
				TARGETED_DEVICE_FAMILY = 4;
				WATCHOS_DEPLOYMENT_TARGET = 11.0;
			};
			name = Debug;
		};
		54A6F8CE2CA2BADB002ADF2C /* Release */ = {
			isa = XCBuildConfiguration;
			buildSettings = {
				ASSETCATALOG_COMPILER_APPICON_NAME = AppIcon;
				ASSETCATALOG_COMPILER_GLOBAL_ACCENT_COLOR_NAME = AccentColor;
				CODE_SIGN_STYLE = Automatic;
				CURRENT_PROJECT_VERSION = 1;
				DEVELOPMENT_ASSET_PATHS = "\"AquaJogger Watch App/Preview Content\"";
				DEVELOPMENT_TEAM = QSN67UHF7L;
				ENABLE_PREVIEWS = YES;
				GENERATE_INFOPLIST_FILE = YES;
				INFOPLIST_KEY_CFBundleDisplayName = AquaJogger;
				INFOPLIST_KEY_UISupportedInterfaceOrientations = "UIInterfaceOrientationPortrait UIInterfaceOrientationPortraitUpsideDown";
				INFOPLIST_KEY_WKWatchOnly = YES;
				LD_RUNPATH_SEARCH_PATHS = (
					"$(inherited)",
					"@executable_path/Frameworks",
				);
				MARKETING_VERSION = 1.0;
				PRODUCT_BUNDLE_IDENTIFIER = com.Segrel.AquaJogger.watchkitapp;
				PRODUCT_NAME = "$(TARGET_NAME)";
				SDKROOT = watchos;
				SKIP_INSTALL = YES;
				SWIFT_EMIT_LOC_STRINGS = YES;
				SWIFT_VERSION = 5.0;
				TARGETED_DEVICE_FAMILY = 4;
				VALIDATE_PRODUCT = YES;
				WATCHOS_DEPLOYMENT_TARGET = 11.0;
			};
			name = Release;
		};
		54A6F8D12CA2BADB002ADF2C /* Debug */ = {
			isa = XCBuildConfiguration;
			buildSettings = {
				CODE_SIGN_STYLE = Automatic;
				CURRENT_PROJECT_VERSION = 1;
				DEVELOPMENT_TEAM = QSN67UHF7L;
				INFOPLIST_KEY_CFBundleDisplayName = AquaJogger;
				MARKETING_VERSION = 1.0;
				PRODUCT_BUNDLE_IDENTIFIER = com.Segrel.AquaJogger;
				PRODUCT_NAME = "$(TARGET_NAME)";
				SDKROOT = iphoneos;
				SWIFT_VERSION = 5.0;
			};
			name = Debug;
		};
		54A6F8D22CA2BADB002ADF2C /* Release */ = {
			isa = XCBuildConfiguration;
			buildSettings = {
				CODE_SIGN_STYLE = Automatic;
				CURRENT_PROJECT_VERSION = 1;
				DEVELOPMENT_TEAM = QSN67UHF7L;
				INFOPLIST_KEY_CFBundleDisplayName = AquaJogger;
				MARKETING_VERSION = 1.0;
				PRODUCT_BUNDLE_IDENTIFIER = com.Segrel.AquaJogger;
				PRODUCT_NAME = "$(TARGET_NAME)";
				SDKROOT = iphoneos;
				SWIFT_VERSION = 5.0;
				VALIDATE_PRODUCT = YES;
			};
			name = Release;
		};
		54A6F8D42CA2BADB002ADF2C /* Debug */ = {
			isa = XCBuildConfiguration;
			buildSettings = {
				BUNDLE_LOADER = "$(TEST_HOST)";
				CODE_SIGN_STYLE = Automatic;
				CURRENT_PROJECT_VERSION = 1;
				DEVELOPMENT_TEAM = QSN67UHF7L;
				GENERATE_INFOPLIST_FILE = YES;
				MARKETING_VERSION = 1.0;
				PRODUCT_BUNDLE_IDENTIFIER = "com.Segrel.AquaJogger-Watch-AppTests";
				PRODUCT_NAME = "$(TARGET_NAME)";
				SDKROOT = watchos;
				SWIFT_EMIT_LOC_STRINGS = NO;
				SWIFT_VERSION = 5.0;
				TARGETED_DEVICE_FAMILY = 4;
				TEST_HOST = "$(BUILT_PRODUCTS_DIR)/AquaJogger Watch App.app/$(BUNDLE_EXECUTABLE_FOLDER_PATH)/AquaJogger Watch App";
				WATCHOS_DEPLOYMENT_TARGET = 11.0;
			};
			name = Debug;
		};
		54A6F8D52CA2BADB002ADF2C /* Release */ = {
			isa = XCBuildConfiguration;
			buildSettings = {
				BUNDLE_LOADER = "$(TEST_HOST)";
				CODE_SIGN_STYLE = Automatic;
				CURRENT_PROJECT_VERSION = 1;
				DEVELOPMENT_TEAM = QSN67UHF7L;
				GENERATE_INFOPLIST_FILE = YES;
				MARKETING_VERSION = 1.0;
				PRODUCT_BUNDLE_IDENTIFIER = "com.Segrel.AquaJogger-Watch-AppTests";
				PRODUCT_NAME = "$(TARGET_NAME)";
				SDKROOT = watchos;
				SWIFT_EMIT_LOC_STRINGS = NO;
				SWIFT_VERSION = 5.0;
				TARGETED_DEVICE_FAMILY = 4;
				TEST_HOST = "$(BUILT_PRODUCTS_DIR)/AquaJogger Watch App.app/$(BUNDLE_EXECUTABLE_FOLDER_PATH)/AquaJogger Watch App";
				VALIDATE_PRODUCT = YES;
				WATCHOS_DEPLOYMENT_TARGET = 11.0;
			};
			name = Release;
		};
		54A6F8D72CA2BADB002ADF2C /* Debug */ = {
			isa = XCBuildConfiguration;
			buildSettings = {
				CODE_SIGN_STYLE = Automatic;
				CURRENT_PROJECT_VERSION = 1;
				DEVELOPMENT_TEAM = QSN67UHF7L;
				GENERATE_INFOPLIST_FILE = YES;
				MARKETING_VERSION = 1.0;
				PRODUCT_BUNDLE_IDENTIFIER = "com.Segrel.AquaJogger-Watch-AppUITests";
				PRODUCT_NAME = "$(TARGET_NAME)";
				SDKROOT = watchos;
				SWIFT_EMIT_LOC_STRINGS = NO;
				SWIFT_VERSION = 5.0;
				TARGETED_DEVICE_FAMILY = 4;
				TEST_TARGET_NAME = "AquaJogger Watch App";
				WATCHOS_DEPLOYMENT_TARGET = 11.0;
			};
			name = Debug;
		};
		54A6F8D82CA2BADB002ADF2C /* Release */ = {
			isa = XCBuildConfiguration;
			buildSettings = {
				CODE_SIGN_STYLE = Automatic;
				CURRENT_PROJECT_VERSION = 1;
				DEVELOPMENT_TEAM = QSN67UHF7L;
				GENERATE_INFOPLIST_FILE = YES;
				MARKETING_VERSION = 1.0;
				PRODUCT_BUNDLE_IDENTIFIER = "com.Segrel.AquaJogger-Watch-AppUITests";
				PRODUCT_NAME = "$(TARGET_NAME)";
				SDKROOT = watchos;
				SWIFT_EMIT_LOC_STRINGS = NO;
				SWIFT_VERSION = 5.0;
				TARGETED_DEVICE_FAMILY = 4;
				TEST_TARGET_NAME = "AquaJogger Watch App";
				VALIDATE_PRODUCT = YES;
				WATCHOS_DEPLOYMENT_TARGET = 11.0;
			};
			name = Release;
		};
/* End XCBuildConfiguration section */

/* Begin XCConfigurationList section */
		54A6F89D2CA2BAD9002ADF2C /* Build configuration list for PBXProject "AquaJogger" */ = {
			isa = XCConfigurationList;
			buildConfigurations = (
				54A6F8CA2CA2BADB002ADF2C /* Debug */,
				54A6F8CB2CA2BADB002ADF2C /* Release */,
			);
			defaultConfigurationIsVisible = 0;
			defaultConfigurationName = Release;
		};
		54A6F8CC2CA2BADB002ADF2C /* Build configuration list for PBXNativeTarget "AquaJogger Watch App" */ = {
			isa = XCConfigurationList;
			buildConfigurations = (
				54A6F8CD2CA2BADB002ADF2C /* Debug */,
				54A6F8CE2CA2BADB002ADF2C /* Release */,
			);
			defaultConfigurationIsVisible = 0;
			defaultConfigurationName = Release;
		};
		54A6F8D02CA2BADB002ADF2C /* Build configuration list for PBXNativeTarget "AquaJogger" */ = {
			isa = XCConfigurationList;
			buildConfigurations = (
				54A6F8D12CA2BADB002ADF2C /* Debug */,
				54A6F8D22CA2BADB002ADF2C /* Release */,
			);
			defaultConfigurationIsVisible = 0;
			defaultConfigurationName = Release;
		};
		54A6F8D32CA2BADB002ADF2C /* Build configuration list for PBXNativeTarget "AquaJogger Watch AppTests" */ = {
			isa = XCConfigurationList;
			buildConfigurations = (
				54A6F8D42CA2BADB002ADF2C /* Debug */,
				54A6F8D52CA2BADB002ADF2C /* Release */,
			);
			defaultConfigurationIsVisible = 0;
			defaultConfigurationName = Release;
		};
		54A6F8D62CA2BADB002ADF2C /* Build configuration list for PBXNativeTarget "AquaJogger Watch AppUITests" */ = {
			isa = XCConfigurationList;
			buildConfigurations = (
				54A6F8D72CA2BADB002ADF2C /* Debug */,
				54A6F8D82CA2BADB002ADF2C /* Release */,
			);
			defaultConfigurationIsVisible = 0;
			defaultConfigurationName = Release;
		};
/* End XCConfigurationList section */
	};
	rootObject = 54A6F89A2CA2BAD9002ADF2C /* Project object */;
}
